// !$*UTF8*$!
{
	archiveVersion = 1;
	classes = {
	};
	objectVersion = 48;
	objects = {

/* Begin PBXBuildFile section */
		F50E9B58203DC97800A52061 /* prehistoric.ttf in Resources */ = {isa = PBXBuildFile; fileRef = F50E9B57203DC97800A52061 /* prehistoric.ttf */; };
		F574911A20381FEA00076B84 /* AppDelegate.swift in Sources */ = {isa = PBXBuildFile; fileRef = F574911920381FEA00076B84 /* AppDelegate.swift */; };
		F574911C20381FEA00076B84 /* ViewController.swift in Sources */ = {isa = PBXBuildFile; fileRef = F574911B20381FEA00076B84 /* ViewController.swift */; };
		F574911F20381FEA00076B84 /* Main.storyboard in Resources */ = {isa = PBXBuildFile; fileRef = F574911D20381FEA00076B84 /* Main.storyboard */; };
		F574912120381FEA00076B84 /* Assets.xcassets in Resources */ = {isa = PBXBuildFile; fileRef = F574912020381FEA00076B84 /* Assets.xcassets */; };
		F574912420381FEA00076B84 /* LaunchScreen.storyboard in Resources */ = {isa = PBXBuildFile; fileRef = F574912220381FEA00076B84 /* LaunchScreen.storyboard */; };
/* End PBXBuildFile section */

/* Begin PBXFileReference section */
		F50E9B57203DC97800A52061 /* prehistoric.ttf */ = {isa = PBXFileReference; lastKnownFileType = file; path = prehistoric.ttf; sourceTree = "<group>"; };
		F574911620381FEA00076B84 /* yesOrNo.app */ = {isa = PBXFileReference; explicitFileType = wrapper.application; includeInIndex = 0; path = yesOrNo.app; sourceTree = BUILT_PRODUCTS_DIR; };
		F574911920381FEA00076B84 /* AppDelegate.swift */ = {isa = PBXFileReference; lastKnownFileType = sourcecode.swift; path = AppDelegate.swift; sourceTree = "<group>"; };
		F574911B20381FEA00076B84 /* ViewController.swift */ = {isa = PBXFileReference; lastKnownFileType = sourcecode.swift; path = ViewController.swift; sourceTree = "<group>"; };
		F574911E20381FEA00076B84 /* Base */ = {isa = PBXFileReference; lastKnownFileType = file.storyboard; name = Base; path = Base.lproj/Main.storyboard; sourceTree = "<group>"; };
		F574912020381FEA00076B84 /* Assets.xcassets */ = {isa = PBXFileReference; lastKnownFileType = folder.assetcatalog; path = Assets.xcassets; sourceTree = "<group>"; };
		F574912320381FEA00076B84 /* Base */ = {isa = PBXFileReference; lastKnownFileType = file.storyboard; name = Base; path = Base.lproj/LaunchScreen.storyboard; sourceTree = "<group>"; };
		F574912520381FEA00076B84 /* Info.plist */ = {isa = PBXFileReference; lastKnownFileType = text.plist.xml; path = Info.plist; sourceTree = "<group>"; };
/* End PBXFileReference section */

/* Begin PBXFrameworksBuildPhase section */
		F574911320381FEA00076B84 /* Frameworks */ = {
			isa = PBXFrameworksBuildPhase;
			buildActionMask = 2147483647;
			files = (
			);
			runOnlyForDeploymentPostprocessing = 0;
		};
/* End PBXFrameworksBuildPhase section */

/* Begin PBXGroup section */
		F574910D20381FEA00076B84 = {
			isa = PBXGroup;
			children = (
				F574911820381FEA00076B84 /* yesOrNo */,
				F574911720381FEA00076B84 /* Products */,
			);
			sourceTree = "<group>";
		};
		F574911720381FEA00076B84 /* Products */ = {
			isa = PBXGroup;
			children = (
				F574911620381FEA00076B84 /* yesOrNo.app */,
			);
			name = Products;
			sourceTree = "<group>";
		};
		F574911820381FEA00076B84 /* yesOrNo */ = {
			isa = PBXGroup;
			children = (
				F50E9B57203DC97800A52061 /* prehistoric.ttf */,
				F574911920381FEA00076B84 /* AppDelegate.swift */,
				F574911B20381FEA00076B84 /* ViewController.swift */,
				F574911D20381FEA00076B84 /* Main.storyboard */,
				F574912020381FEA00076B84 /* Assets.xcassets */,
				F574912220381FEA00076B84 /* LaunchScreen.storyboard */,
				F574912520381FEA00076B84 /* Info.plist */,
			);
			path = yesOrNo;
			sourceTree = "<group>";
		};
/* End PBXGroup section */

/* Begin PBXNativeTarget section */
		F574911520381FEA00076B84 /* yesOrNo */ = {
			isa = PBXNativeTarget;
			buildConfigurationList = F574912820381FEA00076B84 /* Build configuration list for PBXNativeTarget "yesOrNo" */;
			buildPhases = (
				F574911220381FEA00076B84 /* Sources */,
				F574911320381FEA00076B84 /* Frameworks */,
				F574911420381FEA00076B84 /* Resources */,
			);
			buildRules = (
			);
			dependencies = (
			);
			name = yesOrNo;
			productName = yesOrNo;
			productReference = F574911620381FEA00076B84 /* yesOrNo.app */;
			productType = "com.apple.product-type.application";
		};
/* End PBXNativeTarget section */

/* Begin PBXProject section */
		F574910E20381FEA00076B84 /* Project object */ = {
			isa = PBXProject;
			attributes = {
				LastSwiftUpdateCheck = 0920;
				LastUpgradeCheck = 0920;
				ORGANIZATIONNAME = "Antonio Giaquinto";
				TargetAttributes = {
					F574911520381FEA00076B84 = {
						CreatedOnToolsVersion = 9.2;
						ProvisioningStyle = Automatic;
					};
				};
			};
			buildConfigurationList = F574911120381FEA00076B84 /* Build configuration list for PBXProject "yesOrNo" */;
			compatibilityVersion = "Xcode 8.0";
			developmentRegion = en;
			hasScannedForEncodings = 0;
			knownRegions = (
				en,
				Base,
			);
			mainGroup = F574910D20381FEA00076B84;
			productRefGroup = F574911720381FEA00076B84 /* Products */;
			projectDirPath = "";
			projectRoot = "";
			targets = (
				F574911520381FEA00076B84 /* yesOrNo */,
			);
		};
/* End PBXProject section */

/* Begin PBXResourcesBuildPhase section */
		F574911420381FEA00076B84 /* Resources */ = {
			isa = PBXResourcesBuildPhase;
			buildActionMask = 2147483647;
			files = (
				F574912420381FEA00076B84 /* LaunchScreen.storyboard in Resources */,
				F574912120381FEA00076B84 /* Assets.xcassets in Resources */,
				F574911F20381FEA00076B84 /* Main.storyboard in Resources */,
				F50E9B58203DC97800A52061 /* prehistoric.ttf in Resources */,
			);
			runOnlyForDeploymentPostprocessing = 0;
		};
/* End PBXResourcesBuildPhase section */

/* Begin PBXSourcesBuildPhase section */
		F574911220381FEA00076B84 /* Sources */ = {
			isa = PBXSourcesBuildPhase;
			buildActionMask = 2147483647;
			files = (
				F574911C20381FEA00076B84 /* ViewController.swift in Sources */,
				F574911A20381FEA00076B84 /* AppDelegate.swift in Sources */,
			);
			runOnlyForDeploymentPostprocessing = 0;
		};
/* End PBXSourcesBuildPhase section */

/* Begin PBXVariantGroup section */
		F574911D20381FEA00076B84 /* Main.storyboard */ = {
			isa = PBXVariantGroup;
			children = (
				F574911E20381FEA00076B84 /* Base */,
			);
			name = Main.storyboard;
			sourceTree = "<group>";
		};
		F574912220381FEA00076B84 /* LaunchScreen.storyboard */ = {
			isa = PBXVariantGroup;
			children = (
				F574912320381FEA00076B84 /* Base */,
			);
			name = LaunchScreen.storyboard;
			sourceTree = "<group>";
		};
/* End PBXVariantGroup section */

/* Begin XCBuildConfiguration section */
		F574912620381FEA00076B84 /* Debug */ = {
			isa = XCBuildConfiguration;
			buildSettings = {
				ALWAYS_SEARCH_USER_PATHS = NO;
				CLANG_ANALYZER_NONNULL = YES;
				CLANG_ANALYZER_NUMBER_OBJECT_CONVERSION = YES_AGGRESSIVE;
				CLANG_CXX_LANGUAGE_STANDARD = "gnu++14";
				CLANG_CXX_LIBRARY = "libc++";
				CLANG_ENABLE_MODULES = YES;
				CLANG_ENABLE_OBJC_ARC = YES;
				CLANG_WARN_BLOCK_CAPTURE_AUTORELEASING = YES;
				CLANG_WARN_BOOL_CONVERSION = YES;
				CLANG_WARN_COMMA = YES;
				CLANG_WARN_CONSTANT_CONVERSION = YES;
				CLANG_WARN_DIRECT_OBJC_ISA_USAGE = YES_ERROR;
				CLANG_WARN_DOCUMENTATION_COMMENTS = YES;
				CLANG_WARN_EMPTY_BODY = YES;
				CLANG_WARN_ENUM_CONVERSION = YES;
				CLANG_WARN_INFINITE_RECURSION = YES;
				CLANG_WARN_INT_CONVERSION = YES;
				CLANG_WARN_NON_LITERAL_NULL_CONVERSION = YES;
				CLANG_WARN_OBJC_LITERAL_CONVERSION = YES;
				CLANG_WARN_OBJC_ROOT_CLASS = YES_ERROR;
				CLANG_WARN_RANGE_LOOP_ANALYSIS = YES;
				CLANG_WARN_STRICT_PROTOTYPES = YES;
				CLANG_WARN_SUSPICIOUS_MOVE = YES;
				CLANG_WARN_UNGUARDED_AVAILABILITY = YES_AGGRESSIVE;
				CLANG_WARN_UNREACHABLE_CODE = YES;
				CLANG_WARN__DUPLICATE_METHOD_MATCH = YES;
				CODE_SIGN_IDENTITY = "iPhone Developer";
				COPY_PHASE_STRIP = NO;
				DEBUG_INFORMATION_FORMAT = dwarf;
				ENABLE_STRICT_OBJC_MSGSEND = YES;
				ENABLE_TESTABILITY = YES;
				GCC_C_LANGUAGE_STANDARD = gnu11;
				GCC_DYNAMIC_NO_PIC = NO;
				GCC_NO_COMMON_BLOCKS = YES;
				GCC_OPTIMIZATION_LEVEL = 0;
				GCC_PREPROCESSOR_DEFINITIONS = (
					"DEBUG=1",
					"$(inherited)",
				);
				GCC_WARN_64_TO_32_BIT_CONVERSION = YES;
				GCC_WARN_ABOUT_RETURN_TYPE = YES_ERROR;
				GCC_WARN_UNDECLARED_SELECTOR = YES;
				GCC_WARN_UNINITIALIZED_AUTOS = YES_AGGRESSIVE;
				GCC_WARN_UNUSED_FUNCTION = YES;
				GCC_WARN_UNUSED_VARIABLE = YES;
				IPHONEOS_DEPLOYMENT_TARGET = 11.2;
				MTL_ENABLE_DEBUG_INFO = YES;
				ONLY_ACTIVE_ARCH = YES;
				SDKROOT = iphoneos;
				SWIFT_ACTIVE_COMPILATION_CONDITIONS = DEBUG;
				SWIFT_OPTIMIZATION_LEVEL = "-Onone";
			};
			name = Debug;
		};
		F574912720381FEA00076B84 /* Release */ = {
			isa = XCBuildConfiguration;
			buildSettings = {
				ALWAYS_SEARCH_USER_PATHS = NO;
				CLANG_ANALYZER_NONNULL = YES;
				CLANG_ANALYZER_NUMBER_OBJECT_CONVERSION = YES_AGGRESSIVE;
				CLANG_CXX_LANGUAGE_STANDARD = "gnu++14";
				CLANG_CXX_LIBRARY = "libc++";
				CLANG_ENABLE_MODULES = YES;
				CLANG_ENABLE_OBJC_ARC = YES;
				CLANG_WARN_BLOCK_CAPTURE_AUTORELEASING = YES;
				CLANG_WARN_BOOL_CONVERSION = YES;
				CLANG_WARN_COMMA = YES;
				CLANG_WARN_CONSTANT_CONVERSION = YES;
				CLANG_WARN_DIRECT_OBJC_ISA_USAGE = YES_ERROR;
				CLANG_WARN_DOCUMENTATION_COMMENTS = YES;
				CLANG_WARN_EMPTY_BODY = YES;
				CLANG_WARN_ENUM_CONVERSION = YES;
				CLANG_WARN_INFINITE_RECURSION = YES;
				CLANG_WARN_INT_CONVERSION = YES;
				CLANG_WARN_NON_LITERAL_NULL_CONVERSION = YES;
				CLANG_WARN_OBJC_LITERAL_CONVERSION = YES;
				CLANG_WARN_OBJC_ROOT_CLASS = YES_ERROR;
				CLANG_WARN_RANGE_LOOP_ANALYSIS = YES;
				CLANG_WARN_STRICT_PROTOTYPES = YES;
				CLANG_WARN_SUSPICIOUS_MOVE = YES;
				CLANG_WARN_UNGUARDED_AVAILABILITY = YES_AGGRESSIVE;
				CLANG_WARN_UNREACHABLE_CODE = YES;
				CLANG_WARN__DUPLICATE_METHOD_MATCH = YES;
				CODE_SIGN_IDENTITY = "iPhone Developer";
				COPY_PHASE_STRIP = NO;
				DEBUG_INFORMATION_FORMAT = "dwarf-with-dsym";
				ENABLE_NS_ASSERTIONS = NO;
				ENABLE_STRICT_OBJC_MSGSEND = YES;
				GCC_C_LANGUAGE_STANDARD = gnu11;
				GCC_NO_COMMON_BLOCKS = YES;
				GCC_WARN_64_TO_32_BIT_CONVERSION = YES;
				GCC_WARN_ABOUT_RETURN_TYPE = YES_ERROR;
				GCC_WARN_UNDECLARED_SELECTOR = YES;
				GCC_WARN_UNINITIALIZED_AUTOS = YES_AGGRESSIVE;
				GCC_WARN_UNUSED_FUNCTION = YES;
				GCC_WARN_UNUSED_VARIABLE = YES;
				IPHONEOS_DEPLOYMENT_TARGET = 11.2;
				MTL_ENABLE_DEBUG_INFO = NO;
				SDKROOT = iphoneos;
				SWIFT_OPTIMIZATION_LEVEL = "-Owholemodule";
				VALIDATE_PRODUCT = YES;
			};
			name = Release;
		};
		F574912920381FEA00076B84 /* Debug */ = {
			isa = XCBuildConfiguration;
			buildSettings = {
				ASSETCATALOG_COMPILER_APPICON_NAME = AppIcon;
				CODE_SIGN_STYLE = Automatic;
				DEVELOPMENT_TEAM = 37V3WA9RMD;
				INFOPLIST_FILE = yesOrNo/Info.plist;
				LD_RUNPATH_SEARCH_PATHS = "$(inherited) @executable_path/Frameworks";
				PRODUCT_BUNDLE_IDENTIFIER = KnightClub.yesOrNo;
				PRODUCT_NAME = "$(TARGET_NAME)";
				SWIFT_VERSION = 4.0;
				TARGETED_DEVICE_FAMILY = "1,2";
			};
			name = Debug;
		};
		F574912A20381FEA00076B84 /* Release */ = {
			isa = XCBuildConfiguration;
			buildSettings = {
				ASSETCATALOG_COMPILER_APPICON_NAME = AppIcon;
				CODE_SIGN_STYLE = Automatic;
				DEVELOPMENT_TEAM = 37V3WA9RMD;
				INFOPLIST_FILE = yesOrNo/Info.plist;
				LD_RUNPATH_SEARCH_PATHS = "$(inherited) @executable_path/Frameworks";
				PRODUCT_BUNDLE_IDENTIFIER = KnightClub.yesOrNo;
				PRODUCT_NAME = "$(TARGET_NAME)";
				SWIFT_VERSION = 4.0;
				TARGETED_DEVICE_FAMILY = "1,2";
			};
			name = Release;
		};
/* End XCBuildConfiguration section */

/* Begin XCConfigurationList section */
		F574911120381FEA00076B84 /* Build configuration list for PBXProject "yesOrNo" */ = {
			isa = XCConfigurationList;
			buildConfigurations = (
				F574912620381FEA00076B84 /* Debug */,
				F574912720381FEA00076B84 /* Release */,
			);
			defaultConfigurationIsVisible = 0;
			defaultConfigurationName = Release;
		};
		F574912820381FEA00076B84 /* Build configuration list for PBXNativeTarget "yesOrNo" */ = {
			isa = XCConfigurationList;
			buildConfigurations = (
				F574912920381FEA00076B84 /* Debug */,
				F574912A20381FEA00076B84 /* Release */,
			);
			defaultConfigurationIsVisible = 0;
			defaultConfigurationName = Release;
		};
/* End XCConfigurationList section */
	};
	rootObject = F574910E20381FEA00076B84 /* Project object */;
}
